// !$*UTF8*$!
{
	archiveVersion = 1;
	classes = {
	};
	objectVersion = 46;
	objects = {

/* Begin PBXBuildFile section */
		4C0C3DC9177107B600D79281 /* InfoPlist.strings in Resources */ = {isa = PBXBuildFile; fileRef = 4C0C3DC7177107B600D79281 /* InfoPlist.strings */; };
		4C0C3DD5177108E200D79281 /* BackViewController.m in Sources */ = {isa = PBXBuildFile; fileRef = 4C0C3DCE177108E200D79281 /* BackViewController.m */; };
		4C0C3DD6177108E200D79281 /* FrontViewController.m in Sources */ = {isa = PBXBuildFile; fileRef = 4C0C3DD0177108E200D79281 /* FrontViewController.m */; };
		4C0C3DD7177108E200D79281 /* SlidingTestViewController.m in Sources */ = {isa = PBXBuildFile; fileRef = 4C0C3DD2177108E200D79281 /* SlidingTestViewController.m */; };
		4C0C3DD8177108E200D79281 /* WBAppDelegate.m in Sources */ = {isa = PBXBuildFile; fileRef = 4C0C3DD4177108E200D79281 /* WBAppDelegate.m */; };
		4C0C3DDA1771090000D79281 /* main.m in Sources */ = {isa = PBXBuildFile; fileRef = 4C0C3DD91771090000D79281 /* main.m */; };
		4C0C3DDD1771090900D79281 /* WBSlidingViewController.m in Sources */ = {isa = PBXBuildFile; fileRef = 4C0C3DDC1771090900D79281 /* WBSlidingViewController.m */; };
		4C0C3DE01771092200D79281 /* Slider.png in Resources */ = {isa = PBXBuildFile; fileRef = 4C0C3DDE1771092200D79281 /* Slider.png */; };
		4C0C3DE11771092200D79281 /* Slider@2x.png in Resources */ = {isa = PBXBuildFile; fileRef = 4C0C3DDF1771092200D79281 /* Slider@2x.png */; };
		4C0C3DE51771093400D79281 /* Default-568h@2x.png in Resources */ = {isa = PBXBuildFile; fileRef = 4C0C3DE21771093400D79281 /* Default-568h@2x.png */; };
		4C0C3DE61771093400D79281 /* Default.png in Resources */ = {isa = PBXBuildFile; fileRef = 4C0C3DE31771093400D79281 /* Default.png */; };
		4C0C3DE71771093400D79281 /* Default@2x.png in Resources */ = {isa = PBXBuildFile; fileRef = 4C0C3DE41771093400D79281 /* Default@2x.png */; };
		4CDA592D171913CC004F5F2E /* UIKit.framework in Frameworks */ = {isa = PBXBuildFile; fileRef = 4CDA592C171913CC004F5F2E /* UIKit.framework */; };
		4CDA592F171913CC004F5F2E /* Foundation.framework in Frameworks */ = {isa = PBXBuildFile; fileRef = 4CDA592E171913CC004F5F2E /* Foundation.framework */; };
		4CDA5931171913CC004F5F2E /* CoreGraphics.framework in Frameworks */ = {isa = PBXBuildFile; fileRef = 4CDA5930171913CC004F5F2E /* CoreGraphics.framework */; };
/* End PBXBuildFile section */

/* Begin PBXFileReference section */
		4C0C3DC8177107B600D79281 /* en */ = {isa = PBXFileReference; lastKnownFileType = text.plist.strings; name = en; path = WBSlidingViewController/en.lproj/InfoPlist.strings; sourceTree = SOURCE_ROOT; };
		4C0C3DCD177108E200D79281 /* BackViewController.h */ = {isa = PBXFileReference; fileEncoding = 4; lastKnownFileType = sourcecode.c.h; name = BackViewController.h; path = WBSlidingViewController/BackViewController.h; sourceTree = "<group>"; };
		4C0C3DCE177108E200D79281 /* BackViewController.m */ = {isa = PBXFileReference; fileEncoding = 4; lastKnownFileType = sourcecode.c.objc; name = BackViewController.m; path = WBSlidingViewController/BackViewController.m; sourceTree = "<group>"; };
		4C0C3DCF177108E200D79281 /* FrontViewController.h */ = {isa = PBXFileReference; fileEncoding = 4; lastKnownFileType = sourcecode.c.h; name = FrontViewController.h; path = WBSlidingViewController/FrontViewController.h; sourceTree = "<group>"; };
		4C0C3DD0177108E200D79281 /* FrontViewController.m */ = {isa = PBXFileReference; fileEncoding = 4; lastKnownFileType = sourcecode.c.objc; name = FrontViewController.m; path = WBSlidingViewController/FrontViewController.m; sourceTree = "<group>"; };
		4C0C3DD1177108E200D79281 /* SlidingTestViewController.h */ = {isa = PBXFileReference; fileEncoding = 4; lastKnownFileType = sourcecode.c.h; name = SlidingTestViewController.h; path = WBSlidingViewController/SlidingTestViewController.h; sourceTree = "<group>"; };
		4C0C3DD2177108E200D79281 /* SlidingTestViewController.m */ = {isa = PBXFileReference; fileEncoding = 4; lastKnownFileType = sourcecode.c.objc; name = SlidingTestViewController.m; path = WBSlidingViewController/SlidingTestViewController.m; sourceTree = "<group>"; };
		4C0C3DD3177108E200D79281 /* WBAppDelegate.h */ = {isa = PBXFileReference; fileEncoding = 4; lastKnownFileType = sourcecode.c.h; name = WBAppDelegate.h; path = WBSlidingViewController/WBAppDelegate.h; sourceTree = "<group>"; };
		4C0C3DD4177108E200D79281 /* WBAppDelegate.m */ = {isa = PBXFileReference; fileEncoding = 4; lastKnownFileType = sourcecode.c.objc; name = WBAppDelegate.m; path = WBSlidingViewController/WBAppDelegate.m; sourceTree = "<group>"; };
		4C0C3DD91771090000D79281 /* main.m */ = {isa = PBXFileReference; fileEncoding = 4; lastKnownFileType = sourcecode.c.objc; name = main.m; path = WBSlidingViewController/main.m; sourceTree = SOURCE_ROOT; };
		4C0C3DDB1771090900D79281 /* WBSlidingViewController.h */ = {isa = PBXFileReference; fileEncoding = 4; lastKnownFileType = sourcecode.c.h; path = WBSlidingViewController.h; sourceTree = SOURCE_ROOT; };
		4C0C3DDC1771090900D79281 /* WBSlidingViewController.m */ = {isa = PBXFileReference; fileEncoding = 4; lastKnownFileType = sourcecode.c.objc; path = WBSlidingViewController.m; sourceTree = SOURCE_ROOT; };
		4C0C3DDE1771092200D79281 /* Slider.png */ = {isa = PBXFileReference; lastKnownFileType = image.png; name = Slider.png; path = images/Slider.png; sourceTree = SOURCE_ROOT; };
		4C0C3DDF1771092200D79281 /* Slider@2x.png */ = {isa = PBXFileReference; lastKnownFileType = image.png; name = "Slider@2x.png"; path = "images/Slider@2x.png"; sourceTree = SOURCE_ROOT; };
		4C0C3DE21771093400D79281 /* Default-568h@2x.png */ = {isa = PBXFileReference; lastKnownFileType = image.png; name = "Default-568h@2x.png"; path = "WBSlidingViewController/Default-568h@2x.png"; sourceTree = SOURCE_ROOT; };
		4C0C3DE31771093400D79281 /* Default.png */ = {isa = PBXFileReference; lastKnownFileType = image.png; name = Default.png; path = WBSlidingViewController/Default.png; sourceTree = SOURCE_ROOT; };
		4C0C3DE41771093400D79281 /* Default@2x.png */ = {isa = PBXFileReference; lastKnownFileType = image.png; name = "Default@2x.png"; path = "WBSlidingViewController/Default@2x.png"; sourceTree = SOURCE_ROOT; };
		4CDA5929171913CC004F5F2E /* WBSlidingViewController.app */ = {isa = PBXFileReference; explicitFileType = wrapper.application; includeInIndex = 0; path = WBSlidingViewController.app; sourceTree = BUILT_PRODUCTS_DIR; };
		4CDA592C171913CC004F5F2E /* UIKit.framework */ = {isa = PBXFileReference; lastKnownFileType = wrapper.framework; name = UIKit.framework; path = System/Library/Frameworks/UIKit.framework; sourceTree = SDKROOT; };
		4CDA592E171913CC004F5F2E /* Foundation.framework */ = {isa = PBXFileReference; lastKnownFileType = wrapper.framework; name = Foundation.framework; path = System/Library/Frameworks/Foundation.framework; sourceTree = SDKROOT; };
		4CDA5930171913CC004F5F2E /* CoreGraphics.framework */ = {isa = PBXFileReference; lastKnownFileType = wrapper.framework; name = CoreGraphics.framework; path = System/Library/Frameworks/CoreGraphics.framework; sourceTree = SDKROOT; };
		4CDA5934171913CC004F5F2E /* WBSlidingViewControllerTest-Info.plist */ = {isa = PBXFileReference; lastKnownFileType = text.plist; name = "WBSlidingViewControllerTest-Info.plist"; path = "WBSlidingViewController/WBSlidingViewControllerTest-Info.plist"; sourceTree = "<group>"; };
		4CDA593A171913CC004F5F2E /* WBSlidingViewControllerTest-Prefix.pch */ = {isa = PBXFileReference; lastKnownFileType = sourcecode.c.h; name = "WBSlidingViewControllerTest-Prefix.pch"; path = "WBSlidingViewController/WBSlidingViewControllerTest-Prefix.pch"; sourceTree = "<group>"; };
/* End PBXFileReference section */

/* Begin PBXFrameworksBuildPhase section */
		4CDA5926171913CC004F5F2E /* Frameworks */ = {
			isa = PBXFrameworksBuildPhase;
			buildActionMask = 2147483647;
			files = (
				4CDA592D171913CC004F5F2E /* UIKit.framework in Frameworks */,
				4CDA592F171913CC004F5F2E /* Foundation.framework in Frameworks */,
				4CDA5931171913CC004F5F2E /* CoreGraphics.framework in Frameworks */,
			);
			runOnlyForDeploymentPostprocessing = 0;
		};
/* End PBXFrameworksBuildPhase section */

/* Begin PBXGroup section */
		4CDA5920171913CC004F5F2E = {
			isa = PBXGroup;
			children = (
				4CDA5AE7171CADB4004F5F2E /* Other Sources */,
				4CDA5932171913CC004F5F2E /* WBSlidingViewController */,
				4CDA592B171913CC004F5F2E /* Frameworks */,
				4CDA592A171913CC004F5F2E /* Products */,
			);
			sourceTree = "<group>";
		};
		4CDA592A171913CC004F5F2E /* Products */ = {
			isa = PBXGroup;
			children = (
				4CDA5929171913CC004F5F2E /* WBSlidingViewController.app */,
			);
			name = Products;
			sourceTree = "<group>";
		};
		4CDA592B171913CC004F5F2E /* Frameworks */ = {
			isa = PBXGroup;
			children = (
				4CDA592C171913CC004F5F2E /* UIKit.framework */,
				4CDA592E171913CC004F5F2E /* Foundation.framework */,
				4CDA5930171913CC004F5F2E /* CoreGraphics.framework */,
			);
			name = Frameworks;
			sourceTree = "<group>";
		};
		4CDA5932171913CC004F5F2E /* WBSlidingViewController */ = {
			isa = PBXGroup;
			children = (
				4C0C3DDB1771090900D79281 /* WBSlidingViewController.h */,
				4C0C3DDC1771090900D79281 /* WBSlidingViewController.m */,
			);
			name = WBSlidingViewController;
			path = SideSwipeView;
			sourceTree = "<group>";
		};
		4CDA5933171913CC004F5F2E /* Supporting Files */ = {
			isa = PBXGroup;
			children = (
				4C0C3DE21771093400D79281 /* Default-568h@2x.png */,
				4C0C3DE31771093400D79281 /* Default.png */,
				4C0C3DE41771093400D79281 /* Default@2x.png */,
				4C0C3DD91771090000D79281 /* main.m */,
				4C0C3DC7177107B600D79281 /* InfoPlist.strings */,
				4CDA5AE2171BC893004F5F2E /* images */,
				4CDA5934171913CC004F5F2E /* WBSlidingViewControllerTest-Info.plist */,
				4CDA593A171913CC004F5F2E /* WBSlidingViewControllerTest-Prefix.pch */,
			);
			name = "Supporting Files";
			path = SideSwipeView;
			sourceTree = "<group>";
		};
		4CDA5AE2171BC893004F5F2E /* images */ = {
			isa = PBXGroup;
			children = (
				4C0C3DDE1771092200D79281 /* Slider.png */,
				4C0C3DDF1771092200D79281 /* Slider@2x.png */,
			);
			path = images;
			sourceTree = "<group>";
		};
		4CDA5AE7171CADB4004F5F2E /* Other Sources */ = {
			isa = PBXGroup;
			children = (
				4C0C3DCD177108E200D79281 /* BackViewController.h */,
				4C0C3DCE177108E200D79281 /* BackViewController.m */,
				4C0C3DCF177108E200D79281 /* FrontViewController.h */,
				4C0C3DD0177108E200D79281 /* FrontViewController.m */,
				4C0C3DD1177108E200D79281 /* SlidingTestViewController.h */,
				4C0C3DD2177108E200D79281 /* SlidingTestViewController.m */,
				4C0C3DD3177108E200D79281 /* WBAppDelegate.h */,
				4C0C3DD4177108E200D79281 /* WBAppDelegate.m */,
				4CDA5933171913CC004F5F2E /* Supporting Files */,
			);
			name = "Other Sources";
			sourceTree = "<group>";
		};
/* End PBXGroup section */

/* Begin PBXNativeTarget section */
		4CDA5928171913CC004F5F2E /* WBSlidingViewController */ = {
			isa = PBXNativeTarget;
			buildConfigurationList = 4CDA594C171913CC004F5F2E /* Build configuration list for PBXNativeTarget "WBSlidingViewController" */;
			buildPhases = (
				4CDA5925171913CC004F5F2E /* Sources */,
				4CDA5926171913CC004F5F2E /* Frameworks */,
				4CDA5927171913CC004F5F2E /* Resources */,
			);
			buildRules = (
			);
			dependencies = (
			);
			name = WBSlidingViewController;
			productName = SideSwipeView;
			productReference = 4CDA5929171913CC004F5F2E /* WBSlidingViewController.app */;
			productType = "com.apple.product-type.application";
		};
/* End PBXNativeTarget section */

/* Begin PBXProject section */
		4CDA5921171913CC004F5F2E /* Project object */ = {
			isa = PBXProject;
			attributes = {
				CLASSPREFIX = WB;
				LastUpgradeCheck = 0460;
				ORGANIZATIONNAME = "Wooly Beast Software";
			};
			buildConfigurationList = 4CDA5924171913CC004F5F2E /* Build configuration list for PBXProject "WBSlidingViewController" */;
			compatibilityVersion = "Xcode 3.2";
			developmentRegion = English;
			hasScannedForEncodings = 0;
			knownRegions = (
				en,
			);
			mainGroup = 4CDA5920171913CC004F5F2E;
			productRefGroup = 4CDA592A171913CC004F5F2E /* Products */;
			projectDirPath = "";
			projectRoot = "";
			targets = (
				4CDA5928171913CC004F5F2E /* WBSlidingViewController */,
			);
		};
/* End PBXProject section */

/* Begin PBXResourcesBuildPhase section */
		4CDA5927171913CC004F5F2E /* Resources */ = {
			isa = PBXResourcesBuildPhase;
			buildActionMask = 2147483647;
			files = (
				4C0C3DC9177107B600D79281 /* InfoPlist.strings in Resources */,
				4C0C3DE01771092200D79281 /* Slider.png in Resources */,
				4C0C3DE11771092200D79281 /* Slider@2x.png in Resources */,
				4C0C3DE51771093400D79281 /* Default-568h@2x.png in Resources */,
				4C0C3DE61771093400D79281 /* Default.png in Resources */,
				4C0C3DE71771093400D79281 /* Default@2x.png in Resources */,
			);
			runOnlyForDeploymentPostprocessing = 0;
		};
/* End PBXResourcesBuildPhase section */

/* Begin PBXSourcesBuildPhase section */
		4CDA5925171913CC004F5F2E /* Sources */ = {
			isa = PBXSourcesBuildPhase;
			buildActionMask = 2147483647;
			files = (
				4C0C3DD5177108E200D79281 /* BackViewController.m in Sources */,
				4C0C3DD6177108E200D79281 /* FrontViewController.m in Sources */,
				4C0C3DD7177108E200D79281 /* SlidingTestViewController.m in Sources */,
				4C0C3DD8177108E200D79281 /* WBAppDelegate.m in Sources */,
				4C0C3DDA1771090000D79281 /* main.m in Sources */,
				4C0C3DDD1771090900D79281 /* WBSlidingViewController.m in Sources */,
			);
			runOnlyForDeploymentPostprocessing = 0;
		};
/* End PBXSourcesBuildPhase section */

/* Begin PBXVariantGroup section */
		4C0C3DC7177107B600D79281 /* InfoPlist.strings */ = {
			isa = PBXVariantGroup;
			children = (
				4C0C3DC8177107B600D79281 /* en */,
			);
			name = InfoPlist.strings;
			sourceTree = "<group>";
		};
/* End PBXVariantGroup section */

/* Begin XCBuildConfiguration section */
		4CDA594A171913CC004F5F2E /* Debug */ = {
			isa = XCBuildConfiguration;
			buildSettings = {
				ALWAYS_SEARCH_USER_PATHS = NO;
				CLANG_CXX_LANGUAGE_STANDARD = "gnu++0x";
				CLANG_CXX_LIBRARY = "libc++";
				CLANG_ENABLE_OBJC_ARC = YES;
				CLANG_WARN_CONSTANT_CONVERSION = YES;
				CLANG_WARN_EMPTY_BODY = YES;
				CLANG_WARN_ENUM_CONVERSION = YES;
				CLANG_WARN_INT_CONVERSION = YES;
				CLANG_WARN__DUPLICATE_METHOD_MATCH = YES;
				"CODE_SIGN_IDENTITY[sdk=iphoneos*]" = "iPhone Developer";
				COPY_PHASE_STRIP = NO;
				GCC_C_LANGUAGE_STANDARD = gnu99;
				GCC_DYNAMIC_NO_PIC = NO;
				GCC_OPTIMIZATION_LEVEL = 0;
				GCC_PREPROCESSOR_DEFINITIONS = (
					"DEBUG=1",
					"$(inherited)",
				);
				GCC_SYMBOLS_PRIVATE_EXTERN = NO;
				GCC_WARN_ABOUT_RETURN_TYPE = YES;
				GCC_WARN_UNINITIALIZED_AUTOS = YES;
				GCC_WARN_UNUSED_VARIABLE = YES;
				IPHONEOS_DEPLOYMENT_TARGET = 6.1;
				ONLY_ACTIVE_ARCH = YES;
				SDKROOT = iphoneos;
				USER_HEADER_SEARCH_PATHS = "${SRCROOT}";
			};
			name = Debug;
		};
		4CDA594B171913CC004F5F2E /* Release */ = {
			isa = XCBuildConfiguration;
			buildSettings = {
				ALWAYS_SEARCH_USER_PATHS = NO;
				CLANG_CXX_LANGUAGE_STANDARD = "gnu++0x";
				CLANG_CXX_LIBRARY = "libc++";
				CLANG_ENABLE_OBJC_ARC = YES;
				CLANG_WARN_CONSTANT_CONVERSION = YES;
				CLANG_WARN_EMPTY_BODY = YES;
				CLANG_WARN_ENUM_CONVERSION = YES;
				CLANG_WARN_INT_CONVERSION = YES;
				CLANG_WARN__DUPLICATE_METHOD_MATCH = YES;
				"CODE_SIGN_IDENTITY[sdk=iphoneos*]" = "iPhone Developer";
				COPY_PHASE_STRIP = YES;
				GCC_C_LANGUAGE_STANDARD = gnu99;
				GCC_WARN_ABOUT_RETURN_TYPE = YES;
				GCC_WARN_UNINITIALIZED_AUTOS = YES;
				GCC_WARN_UNUSED_VARIABLE = YES;
				IPHONEOS_DEPLOYMENT_TARGET = 6.1;
				OTHER_CFLAGS = "-DNS_BLOCK_ASSERTIONS=1";
				SDKROOT = iphoneos;
				USER_HEADER_SEARCH_PATHS = "${SRCROOT}";
				VALIDATE_PRODUCT = YES;
			};
			name = Release;
		};
		4CDA594D171913CC004F5F2E /* Debug */ = {
			isa = XCBuildConfiguration;
			buildSettings = {
				GCC_PRECOMPILE_PREFIX_HEADER = YES;
				GCC_PREFIX_HEADER = "WBSlidingViewController/WBSlidingViewControllerTest-Prefix.pch";
				INFOPLIST_FILE = "$(SRCROOT)/WBSlidingViewController/WBSlidingViewControllerTest-Info.plist";
				PRODUCT_NAME = WBSlidingViewController;
				WRAPPER_EXTENSION = app;
			};
			name = Debug;
		};
		4CDA594E171913CC004F5F2E /* Release */ = {
			isa = XCBuildConfiguration;
			buildSettings = {
				GCC_PRECOMPILE_PREFIX_HEADER = YES;
				GCC_PREFIX_HEADER = "WBSlidingViewController/WBSlidingViewControllerTest-Prefix.pch";
				INFOPLIST_FILE = "$(SRCROOT)/WBSlidingViewController/WBSlidingViewControllerTest-Info.plist";
				PRODUCT_NAME = WBSlidingViewController;
				WRAPPER_EXTENSION = app;
			};
			name = Release;
		};
/* End XCBuildConfiguration section */

/* Begin XCConfigurationList section */
		4CDA5924171913CC004F5F2E /* Build configuration list for PBXProject "WBSlidingViewController" */ = {
			isa = XCConfigurationList;
			buildConfigurations = (
				4CDA594A171913CC004F5F2E /* Debug */,
				4CDA594B171913CC004F5F2E /* Release */,
			);
			defaultConfigurationIsVisible = 0;
			defaultConfigurationName = Release;
		};
		4CDA594C171913CC004F5F2E /* Build configuration list for PBXNativeTarget "WBSlidingViewController" */ = {
			isa = XCConfigurationList;
			buildConfigurations = (
				4CDA594D171913CC004F5F2E /* Debug */,
				4CDA594E171913CC004F5F2E /* Release */,
			);
			defaultConfigurationIsVisible = 0;
			defaultConfigurationName = Release;
		};
/* End XCConfigurationList section */
	};
	rootObject = 4CDA5921171913CC004F5F2E /* Project object */;
}
